
Microsoft Visual Studio Solution File, Format Version 12.00
# Visual Studio Version 17
VisualStudioVersion = 17.3.32825.248
MinimumVisualStudioVersion = 10.0.40219.1
Project("{FAE04EC0-301F-11D3-BF4B-00C04F79EFBC}") = "CarroApp1", "CarroApp1.csproj", "{D7745F37-3950-4997-B8E9-FCD2032A3034}"
EndProject
Global
	GlobalSection(SolutionConfigurationPlatforms) = preSolution
		Debug|Any CPU = Debug|Any CPU
		Release|Any CPU = Release|Any CPU
	EndGlobalSection
	GlobalSection(ProjectConfigurationPlatforms) = postSolution
		{D7745F37-3950-4997-B8E9-FCD2032A3034}.Debug|Any CPU.ActiveCfg = Debug|Any CPU
		{D7745F37-3950-4997-B8E9-FCD2032A3034}.Debug|Any CPU.Build.0 = Debug|Any CPU
		{D7745F37-3950-4997-B8E9-FCD2032A3034}.Release|Any CPU.ActiveCfg = Release|Any CPU
		{D7745F37-3950-4997-B8E9-FCD2032A3034}.Release|Any CPU.Build.0 = Release|Any CPU
	EndGlobalSection
	GlobalSection(SolutionProperties) = preSolution
		HideSolutionNode = FALSE
	EndGlobalSection
	GlobalSection(ExtensibilityGlobals) = postSolution
		SolutionGuid = {E2573D38-DC2A-444E-8E03-8BB7D7821160}
	EndGlobalSection
EndGlobal
